// !$*UTF8*$!
{
	archiveVersion = 1;
	classes = {
	};
	objectVersion = 46;
	objects = {

/* Begin PBXBuildFile section */
		52DBDFC01A646BFB00B08DD2 /* AppDelegate.swift in Sources */ = {isa = PBXBuildFile; fileRef = 52DBDFBF1A646BFB00B08DD2 /* AppDelegate.swift */; };
		52DBDFC21A646BFB00B08DD2 /* ViewController.swift in Sources */ = {isa = PBXBuildFile; fileRef = 52DBDFC11A646BFB00B08DD2 /* ViewController.swift */; };
		52DBDFC51A646BFB00B08DD2 /* Main.storyboard in Resources */ = {isa = PBXBuildFile; fileRef = 52DBDFC31A646BFB00B08DD2 /* Main.storyboard */; };
		52DBDFC71A646BFB00B08DD2 /* Images.xcassets in Resources */ = {isa = PBXBuildFile; fileRef = 52DBDFC61A646BFB00B08DD2 /* Images.xcassets */; };
		52DBDFCA1A646BFB00B08DD2 /* LaunchScreen.xib in Resources */ = {isa = PBXBuildFile; fileRef = 52DBDFC81A646BFB00B08DD2 /* LaunchScreen.xib */; };
		52DBDFD61A646BFB00B08DD2 /* SlotMachineTests.swift in Sources */ = {isa = PBXBuildFile; fileRef = 52DBDFD51A646BFB00B08DD2 /* SlotMachineTests.swift */; };
/* End PBXBuildFile section */

/* Begin PBXContainerItemProxy section */
		52DBDFD01A646BFB00B08DD2 /* PBXContainerItemProxy */ = {
			isa = PBXContainerItemProxy;
			containerPortal = 52DBDFB21A646BFA00B08DD2 /* Project object */;
			proxyType = 1;
			remoteGlobalIDString = 52DBDFB91A646BFA00B08DD2;
			remoteInfo = SlotMachine;
		};
/* End PBXContainerItemProxy section */

/* Begin PBXFileReference section */
		52DBDFBA1A646BFB00B08DD2 /* SlotMachine.app */ = {isa = PBXFileReference; explicitFileType = wrapper.application; includeInIndex = 0; path = SlotMachine.app; sourceTree = BUILT_PRODUCTS_DIR; };
		52DBDFBE1A646BFB00B08DD2 /* Info.plist */ = {isa = PBXFileReference; lastKnownFileType = text.plist.xml; path = Info.plist; sourceTree = "<group>"; };
		52DBDFBF1A646BFB00B08DD2 /* AppDelegate.swift */ = {isa = PBXFileReference; lastKnownFileType = sourcecode.swift; path = AppDelegate.swift; sourceTree = "<group>"; };
		52DBDFC11A646BFB00B08DD2 /* ViewController.swift */ = {isa = PBXFileReference; lastKnownFileType = sourcecode.swift; path = ViewController.swift; sourceTree = "<group>"; };
		52DBDFC41A646BFB00B08DD2 /* Base */ = {isa = PBXFileReference; lastKnownFileType = file.storyboard; name = Base; path = Base.lproj/Main.storyboard; sourceTree = "<group>"; };
		52DBDFC61A646BFB00B08DD2 /* Images.xcassets */ = {isa = PBXFileReference; lastKnownFileType = folder.assetcatalog; path = Images.xcassets; sourceTree = "<group>"; };
		52DBDFC91A646BFB00B08DD2 /* Base */ = {isa = PBXFileReference; lastKnownFileType = file.xib; name = Base; path = Base.lproj/LaunchScreen.xib; sourceTree = "<group>"; };
		52DBDFCF1A646BFB00B08DD2 /* SlotMachineTests.xctest */ = {isa = PBXFileReference; explicitFileType = wrapper.cfbundle; includeInIndex = 0; path = SlotMachineTests.xctest; sourceTree = BUILT_PRODUCTS_DIR; };
		52DBDFD41A646BFB00B08DD2 /* Info.plist */ = {isa = PBXFileReference; lastKnownFileType = text.plist.xml; path = Info.plist; sourceTree = "<group>"; };
		52DBDFD51A646BFB00B08DD2 /* SlotMachineTests.swift */ = {isa = PBXFileReference; lastKnownFileType = sourcecode.swift; path = SlotMachineTests.swift; sourceTree = "<group>"; };
/* End PBXFileReference section */

/* Begin PBXFrameworksBuildPhase section */
		52DBDFB71A646BFA00B08DD2 /* Frameworks */ = {
			isa = PBXFrameworksBuildPhase;
			buildActionMask = 2147483647;
			files = (
			);
			runOnlyForDeploymentPostprocessing = 0;
		};
		52DBDFCC1A646BFB00B08DD2 /* Frameworks */ = {
			isa = PBXFrameworksBuildPhase;
			buildActionMask = 2147483647;
			files = (
			);
			runOnlyForDeploymentPostprocessing = 0;
		};
/* End PBXFrameworksBuildPhase section */

/* Begin PBXGroup section */
		52DBDFB11A646BFA00B08DD2 = {
			isa = PBXGroup;
			children = (
				52DBDFBC1A646BFB00B08DD2 /* SlotMachine */,
				52DBDFD21A646BFB00B08DD2 /* SlotMachineTests */,
				52DBDFBB1A646BFB00B08DD2 /* Products */,
			);
			sourceTree = "<group>";
		};
		52DBDFBB1A646BFB00B08DD2 /* Products */ = {
			isa = PBXGroup;
			children = (
				52DBDFBA1A646BFB00B08DD2 /* SlotMachine.app */,
				52DBDFCF1A646BFB00B08DD2 /* SlotMachineTests.xctest */,
			);
			name = Products;
			sourceTree = "<group>";
		};
		52DBDFBC1A646BFB00B08DD2 /* SlotMachine */ = {
			isa = PBXGroup;
			children = (
				52DBDFBF1A646BFB00B08DD2 /* AppDelegate.swift */,
				52DBDFC11A646BFB00B08DD2 /* ViewController.swift */,
				52DBDFC31A646BFB00B08DD2 /* Main.storyboard */,
				52DBDFC61A646BFB00B08DD2 /* Images.xcassets */,
				52DBDFC81A646BFB00B08DD2 /* LaunchScreen.xib */,
				52DBDFBD1A646BFB00B08DD2 /* Supporting Files */,
			);
			path = SlotMachine;
			sourceTree = "<group>";
		};
		52DBDFBD1A646BFB00B08DD2 /* Supporting Files */ = {
			isa = PBXGroup;
			children = (
				52DBDFBE1A646BFB00B08DD2 /* Info.plist */,
			);
			name = "Supporting Files";
			sourceTree = "<group>";
		};
		52DBDFD21A646BFB00B08DD2 /* SlotMachineTests */ = {
			isa = PBXGroup;
			children = (
				52DBDFD51A646BFB00B08DD2 /* SlotMachineTests.swift */,
				52DBDFD31A646BFB00B08DD2 /* Supporting Files */,
			);
			path = SlotMachineTests;
			sourceTree = "<group>";
		};
		52DBDFD31A646BFB00B08DD2 /* Supporting Files */ = {
			isa = PBXGroup;
			children = (
				52DBDFD41A646BFB00B08DD2 /* Info.plist */,
			);
			name = "Supporting Files";
			sourceTree = "<group>";
		};
/* End PBXGroup section */

/* Begin PBXNativeTarget section */
		52DBDFB91A646BFA00B08DD2 /* SlotMachine */ = {
			isa = PBXNativeTarget;
			buildConfigurationList = 52DBDFD91A646BFB00B08DD2 /* Build configuration list for PBXNativeTarget "SlotMachine" */;
			buildPhases = (
				52DBDFB61A646BFA00B08DD2 /* Sources */,
				52DBDFB71A646BFA00B08DD2 /* Frameworks */,
				52DBDFB81A646BFA00B08DD2 /* Resources */,
			);
			buildRules = (
			);
			dependencies = (
			);
			name = SlotMachine;
			productName = SlotMachine;
			productReference = 52DBDFBA1A646BFB00B08DD2 /* SlotMachine.app */;
			productType = "com.apple.product-type.application";
		};
		52DBDFCE1A646BFB00B08DD2 /* SlotMachineTests */ = {
			isa = PBXNativeTarget;
			buildConfigurationList = 52DBDFDC1A646BFB00B08DD2 /* Build configuration list for PBXNativeTarget "SlotMachineTests" */;
			buildPhases = (
				52DBDFCB1A646BFB00B08DD2 /* Sources */,
				52DBDFCC1A646BFB00B08DD2 /* Frameworks */,
				52DBDFCD1A646BFB00B08DD2 /* Resources */,
			);
			buildRules = (
			);
			dependencies = (
				52DBDFD11A646BFB00B08DD2 /* PBXTargetDependency */,
			);
			name = SlotMachineTests;
			productName = SlotMachineTests;
			productReference = 52DBDFCF1A646BFB00B08DD2 /* SlotMachineTests.xctest */;
			productType = "com.apple.product-type.bundle.unit-test";
		};
/* End PBXNativeTarget section */

/* Begin PBXProject section */
		52DBDFB21A646BFA00B08DD2 /* Project object */ = {
			isa = PBXProject;
			attributes = {
				LastUpgradeCheck = 0610;
				ORGANIZATIONNAME = "John S. Goodson";
				TargetAttributes = {
					52DBDFB91A646BFA00B08DD2 = {
						CreatedOnToolsVersion = 6.1.1;
					};
					52DBDFCE1A646BFB00B08DD2 = {
						CreatedOnToolsVersion = 6.1.1;
						TestTargetID = 52DBDFB91A646BFA00B08DD2;
					};
				};
			};
			buildConfigurationList = 52DBDFB51A646BFA00B08DD2 /* Build configuration list for PBXProject "SlotMachine" */;
			compatibilityVersion = "Xcode 3.2";
			developmentRegion = English;
			hasScannedForEncodings = 0;
			knownRegions = (
				en,
				Base,
			);
			mainGroup = 52DBDFB11A646BFA00B08DD2;
			productRefGroup = 52DBDFBB1A646BFB00B08DD2 /* Products */;
			projectDirPath = "";
			projectRoot = "";
			targets = (
				52DBDFB91A646BFA00B08DD2 /* SlotMachine */,
				52DBDFCE1A646BFB00B08DD2 /* SlotMachineTests */,
			);
		};
/* End PBXProject section */

/* Begin PBXResourcesBuildPhase section */
		52DBDFB81A646BFA00B08DD2 /* Resources */ = {
			isa = PBXResourcesBuildPhase;
			buildActionMask = 2147483647;
			files = (
				52DBDFC51A646BFB00B08DD2 /* Main.storyboard in Resources */,
				52DBDFCA1A646BFB00B08DD2 /* LaunchScreen.xib in Resources */,
				52DBDFC71A646BFB00B08DD2 /* Images.xcassets in Resources */,
			);
			runOnlyForDeploymentPostprocessing = 0;
		};
		52DBDFCD1A646BFB00B08DD2 /* Resources */ = {
			isa = PBXResourcesBuildPhase;
			buildActionMask = 2147483647;
			files = (
			);
			runOnlyForDeploymentPostprocessing = 0;
		};
/* End PBXResourcesBuildPhase section */

/* Begin PBXSourcesBuildPhase section */
		52DBDFB61A646BFA00B08DD2 /* Sources */ = {
			isa = PBXSourcesBuildPhase;
			buildActionMask = 2147483647;
			files = (
				52DBDFC21A646BFB00B08DD2 /* ViewController.swift in Sources */,
				52DBDFC01A646BFB00B08DD2 /* AppDelegate.swift in Sources */,
			);
			runOnlyForDeploymentPostprocessing = 0;
		};
		52DBDFCB1A646BFB00B08DD2 /* Sources */ = {
			isa = PBXSourcesBuildPhase;
			buildActionMask = 2147483647;
			files = (
				52DBDFD61A646BFB00B08DD2 /* SlotMachineTests.swift in Sources */,
			);
			runOnlyForDeploymentPostprocessing = 0;
		};
/* End PBXSourcesBuildPhase section */

/* Begin PBXTargetDependency section */
		52DBDFD11A646BFB00B08DD2 /* PBXTargetDependency */ = {
			isa = PBXTargetDependency;
			target = 52DBDFB91A646BFA00B08DD2 /* SlotMachine */;
			targetProxy = 52DBDFD01A646BFB00B08DD2 /* PBXContainerItemProxy */;
		};
/* End PBXTargetDependency section */

/* Begin PBXVariantGroup section */
		52DBDFC31A646BFB00B08DD2 /* Main.storyboard */ = {
			isa = PBXVariantGroup;
			children = (
				52DBDFC41A646BFB00B08DD2 /* Base */,
			);
			name = Main.storyboard;
			sourceTree = "<group>";
		};
		52DBDFC81A646BFB00B08DD2 /* LaunchScreen.xib */ = {
			isa = PBXVariantGroup;
			children = (
				52DBDFC91A646BFB00B08DD2 /* Base */,
			);
			name = LaunchScreen.xib;
			sourceTree = "<group>";
		};
/* End PBXVariantGroup section */

/* Begin XCBuildConfiguration section */
		52DBDFD71A646BFB00B08DD2 /* Debug */ = {
			isa = XCBuildConfiguration;
			buildSettings = {
				ALWAYS_SEARCH_USER_PATHS = NO;
				CLANG_CXX_LANGUAGE_STANDARD = "gnu++0x";
				CLANG_CXX_LIBRARY = "libc++";
				CLANG_ENABLE_MODULES = YES;
				CLANG_ENABLE_OBJC_ARC = YES;
				CLANG_WARN_BOOL_CONVERSION = YES;
				CLANG_WARN_CONSTANT_CONVERSION = YES;
				CLANG_WARN_DIRECT_OBJC_ISA_USAGE = YES_ERROR;
				CLANG_WARN_EMPTY_BODY = YES;
				CLANG_WARN_ENUM_CONVERSION = YES;
				CLANG_WARN_INT_CONVERSION = YES;
				CLANG_WARN_OBJC_ROOT_CLASS = YES_ERROR;
				CLANG_WARN_UNREACHABLE_CODE = YES;
				CLANG_WARN__DUPLICATE_METHOD_MATCH = YES;
				"CODE_SIGN_IDENTITY[sdk=iphoneos*]" = "iPhone Developer";
				COPY_PHASE_STRIP = NO;
				ENABLE_STRICT_OBJC_MSGSEND = YES;
				GCC_C_LANGUAGE_STANDARD = gnu99;
				GCC_DYNAMIC_NO_PIC = NO;
				GCC_OPTIMIZATION_LEVEL = 0;
				GCC_PREPROCESSOR_DEFINITIONS = (
					"DEBUG=1",
					"$(inherited)",
				);
				GCC_SYMBOLS_PRIVATE_EXTERN = NO;
				GCC_WARN_64_TO_32_BIT_CONVERSION = YES;
				GCC_WARN_ABOUT_RETURN_TYPE = YES_ERROR;
				GCC_WARN_UNDECLARED_SELECTOR = YES;
				GCC_WARN_UNINITIALIZED_AUTOS = YES_AGGRESSIVE;
				GCC_WARN_UNUSED_FUNCTION = YES;
				GCC_WARN_UNUSED_VARIABLE = YES;
				IPHONEOS_DEPLOYMENT_TARGET = 8.1;
				MTL_ENABLE_DEBUG_INFO = YES;
				ONLY_ACTIVE_ARCH = YES;
				SDKROOT = iphoneos;
				SWIFT_OPTIMIZATION_LEVEL = "-Onone";
				TARGETED_DEVICE_FAMILY = "1,2";
			};
			name = Debug;
		};
		52DBDFD81A646BFB00B08DD2 /* Release */ = {
			isa = XCBuildConfiguration;
			buildSettings = {
				ALWAYS_SEARCH_USER_PATHS = NO;
				CLANG_CXX_LANGUAGE_STANDARD = "gnu++0x";
				CLANG_CXX_LIBRARY = "libc++";
				CLANG_ENABLE_MODULES = YES;
				CLANG_ENABLE_OBJC_ARC = YES;
				CLANG_WARN_BOOL_CONVERSION = YES;
				CLANG_WARN_CONSTANT_CONVERSION = YES;
				CLANG_WARN_DIRECT_OBJC_ISA_USAGE = YES_ERROR;
				CLANG_WARN_EMPTY_BODY = YES;
				CLANG_WARN_ENUM_CONVERSION = YES;
				CLANG_WARN_INT_CONVERSION = YES;
				CLANG_WARN_OBJC_ROOT_CLASS = YES_ERROR;
				CLANG_WARN_UNREACHABLE_CODE = YES;
				CLANG_WARN__DUPLICATE_METHOD_MATCH = YES;
				"CODE_SIGN_IDENTITY[sdk=iphoneos*]" = "iPhone Developer";
				COPY_PHASE_STRIP = YES;
				ENABLE_NS_ASSERTIONS = NO;
				ENABLE_STRICT_OBJC_MSGSEND = YES;
				GCC_C_LANGUAGE_STANDARD = gnu99;
				GCC_WARN_64_TO_32_BIT_CONVERSION = YES;
				GCC_WARN_ABOUT_RETURN_TYPE = YES_ERROR;
				GCC_WARN_UNDECLARED_SELECTOR = YES;
				GCC_WARN_UNINITIALIZED_AUTOS = YES_AGGRESSIVE;
				GCC_WARN_UNUSED_FUNCTION = YES;
				GCC_WARN_UNUSED_VARIABLE = YES;
				IPHONEOS_DEPLOYMENT_TARGET = 8.1;
				MTL_ENABLE_DEBUG_INFO = NO;
				SDKROOT = iphoneos;
				TARGETED_DEVICE_FAMILY = "1,2";
				VALIDATE_PRODUCT = YES;
			};
			name = Release;
		};
		52DBDFDA1A646BFB00B08DD2 /* Debug */ = {
			isa = XCBuildConfiguration;
			buildSettings = {
				ASSETCATALOG_COMPILER_APPICON_NAME = AppIcon;
				INFOPLIST_FILE = SlotMachine/Info.plist;
				LD_RUNPATH_SEARCH_PATHS = "$(inherited) @executable_path/Frameworks";
				PRODUCT_NAME = "$(TARGET_NAME)";
			};
			name = Debug;
		};
		52DBDFDB1A646BFB00B08DD2 /* Release */ = {
			isa = XCBuildConfiguration;
			buildSettings = {
				ASSETCATALOG_COMPILER_APPICON_NAME = AppIcon;
				INFOPLIST_FILE = SlotMachine/Info.plist;
				LD_RUNPATH_SEARCH_PATHS = "$(inherited) @executable_path/Frameworks";
				PRODUCT_NAME = "$(TARGET_NAME)";
			};
			name = Release;
		};
		52DBDFDD1A646BFB00B08DD2 /* Debug */ = {
			isa = XCBuildConfiguration;
			buildSettings = {
				BUNDLE_LOADER = "$(TEST_HOST)";
				FRAMEWORK_SEARCH_PATHS = (
					"$(SDKROOT)/Developer/Library/Frameworks",
					"$(inherited)",
				);
				GCC_PREPROCESSOR_DEFINITIONS = (
					"DEBUG=1",
					"$(inherited)",
				);
				INFOPLIST_FILE = SlotMachineTests/Info.plist;
				LD_RUNPATH_SEARCH_PATHS = "$(inherited) @executable_path/Frameworks @loader_path/Frameworks";
				PRODUCT_NAME = "$(TARGET_NAME)";
				TEST_HOST = "$(BUILT_PRODUCTS_DIR)/SlotMachine.app/SlotMachine";
			};
			name = Debug;
		};
		52DBDFDE1A646BFB00B08DD2 /* Release */ = {
			isa = XCBuildConfiguration;
			buildSettings = {
				BUNDLE_LOADER = "$(TEST_HOST)";
				FRAMEWORK_SEARCH_PATHS = (
					"$(SDKROOT)/Developer/Library/Frameworks",
					"$(inherited)",
				);
				INFOPLIST_FILE = SlotMachineTests/Info.plist;
				LD_RUNPATH_SEARCH_PATHS = "$(inherited) @executable_path/Frameworks @loader_path/Frameworks";
				PRODUCT_NAME = "$(TARGET_NAME)";
				TEST_HOST = "$(BUILT_PRODUCTS_DIR)/SlotMachine.app/SlotMachine";
			};
			name = Release;
		};
/* End XCBuildConfiguration section */

/* Begin XCConfigurationList section */
		52DBDFB51A646BFA00B08DD2 /* Build configuration list for PBXProject "SlotMachine" */ = {
			isa = XCConfigurationList;
			buildConfigurations = (
				52DBDFD71A646BFB00B08DD2 /* Debug */,
				52DBDFD81A646BFB00B08DD2 /* Release */,
			);
			defaultConfigurationIsVisible = 0;
			defaultConfigurationName = Release;
		};
		52DBDFD91A646BFB00B08DD2 /* Build configuration list for PBXNativeTarget "SlotMachine" */ = {
			isa = XCConfigurationList;
			buildConfigurations = (
				52DBDFDA1A646BFB00B08DD2 /* Debug */,
				52DBDFDB1A646BFB00B08DD2 /* Release */,
			);
			defaultConfigurationIsVisible = 0;
		};
		52DBDFDC1A646BFB00B08DD2 /* Build configuration list for PBXNativeTarget "SlotMachineTests" */ = {
			isa = XCConfigurationList;
			buildConfigurations = (
				52DBDFDD1A646BFB00B08DD2 /* Debug */,
				52DBDFDE1A646BFB00B08DD2 /* Release */,
			);
			defaultConfigurationIsVisible = 0;
		};
/* End XCConfigurationList section */
	};
	rootObject = 52DBDFB21A646BFA00B08DD2 /* Project object */;
}
